
Microsoft Visual Studio Solution File, Format Version 12.00
# Visual Studio 15
Project("{FAE04EC0-301F-11D3-BF4B-00C04F79EFBC}") = "Assembly-CSharp", "Assembly-CSharp.csproj", "{483453B4-9380-2A96-79C0-0A73A80788FA}"
EndProject
Project("{FAE04EC0-301F-11D3-BF4B-00C04F79EFBC}") = "OHLogicUnitTests", "OHLogicUnitTests\OHLogicUnitTests.csproj", "{EAE78AB3-D55D-4D70-881E-01F9031871BF}"
EndProject
Global
	GlobalSection(SolutionConfigurationPlatforms) = preSolution
		Debug|Any CPU = Debug|Any CPU
		Release|Any CPU = Release|Any CPU
	EndGlobalSection
	GlobalSection(ProjectConfigurationPlatforms) = postSolution
		{483453B4-9380-2A96-79C0-0A73A80788FA}.Debug|Any CPU.ActiveCfg = Debug|Any CPU
		{483453B4-9380-2A96-79C0-0A73A80788FA}.Debug|Any CPU.Build.0 = Debug|Any CPU
		{483453B4-9380-2A96-79C0-0A73A80788FA}.Release|Any CPU.ActiveCfg = Release|Any CPU
		{483453B4-9380-2A96-79C0-0A73A80788FA}.Release|Any CPU.Build.0 = Release|Any CPU
		{EAE78AB3-D55D-4D70-881E-01F9031871BF}.Debug|Any CPU.ActiveCfg = Debug|Any CPU
		{EAE78AB3-D55D-4D70-881E-01F9031871BF}.Debug|Any CPU.Build.0 = Debug|Any CPU
		{EAE78AB3-D55D-4D70-881E-01F9031871BF}.Release|Any CPU.ActiveCfg = Release|Any CPU
		{EAE78AB3-D55D-4D70-881E-01F9031871BF}.Release|Any CPU.Build.0 = Release|Any CPU
	EndGlobalSection
	GlobalSection(SolutionProperties) = preSolution
		HideSolutionNode = FALSE
	EndGlobalSection
EndGlobal
